
Microsoft Visual Studio Solution File, Format Version 12.00
# Visual Studio Version 17
VisualStudioVersion = 17.3.32811.315
MinimumVisualStudioVersion = 10.0.40219.1
Project("{FAE04EC0-301F-11D3-BF4B-00C04F79EFBC}") = "Aula Dapper", "Aula Dapper\Aula Dapper.csproj", "{592007E7-4C31-48E7-BF3A-C1DAECE1334C}"
EndProject
Global
	GlobalSection(SolutionConfigurationPlatforms) = preSolution
		Debug|Any CPU = Debug|Any CPU
		Release|Any CPU = Release|Any CPU
	EndGlobalSection
	GlobalSection(ProjectConfigurationPlatforms) = postSolution
		{592007E7-4C31-48E7-BF3A-C1DAECE1334C}.Debug|Any CPU.ActiveCfg = Debug|Any CPU
		{592007E7-4C31-48E7-BF3A-C1DAECE1334C}.Debug|Any CPU.Build.0 = Debug|Any CPU
		{592007E7-4C31-48E7-BF3A-C1DAECE1334C}.Release|Any CPU.ActiveCfg = Release|Any CPU
		{592007E7-4C31-48E7-BF3A-C1DAECE1334C}.Release|Any CPU.Build.0 = Release|Any CPU
	EndGlobalSection
	GlobalSection(SolutionProperties) = preSolution
		HideSolutionNode = FALSE
	EndGlobalSection
	GlobalSection(ExtensibilityGlobals) = postSolution
		SolutionGuid = {93DBB8A8-F071-4251-B9E9-F429C25B5537}
	EndGlobalSection
EndGlobal
